
Microsoft Visual Studio Solution File, Format Version 12.00
# Visual Studio Version 17
VisualStudioVersion = 17.5.33424.131
MinimumVisualStudioVersion = 10.0.40219.1
Project("{FAE04EC0-301F-11D3-BF4B-00C04F79EFBC}") = "CashierApplication", "CashierApplication\CashierApplication.csproj", "{8B3A7716-1DD3-474C-8F3B-883B9FE7A1FA}"
EndProject
Global
	GlobalSection(SolutionConfigurationPlatforms) = preSolution
		Debug|Any CPU = Debug|Any CPU
		Release|Any CPU = Release|Any CPU
	EndGlobalSection
	GlobalSection(ProjectConfigurationPlatforms) = postSolution
		{8B3A7716-1DD3-474C-8F3B-883B9FE7A1FA}.Debug|Any CPU.ActiveCfg = Debug|Any CPU
		{8B3A7716-1DD3-474C-8F3B-883B9FE7A1FA}.Debug|Any CPU.Build.0 = Debug|Any CPU
		{8B3A7716-1DD3-474C-8F3B-883B9FE7A1FA}.Release|Any CPU.ActiveCfg = Release|Any CPU
		{8B3A7716-1DD3-474C-8F3B-883B9FE7A1FA}.Release|Any CPU.Build.0 = Release|Any CPU
	EndGlobalSection
	GlobalSection(SolutionProperties) = preSolution
		HideSolutionNode = FALSE
	EndGlobalSection
	GlobalSection(ExtensibilityGlobals) = postSolution
		SolutionGuid = {FBA42209-F641-4689-A563-0E36E2C2F0E3}
	EndGlobalSection
EndGlobal
